// !$*UTF8*$!
{
	archiveVersion = 1;
	classes = {
	};
	objectVersion = 46;
	objects = {

/* Begin PBXBuildFile section */
		990B5EC11C4CB9B6000BF1B5 /* MCQMapSLICE.png in Resources */ = {isa = PBXBuildFile; fileRef = 990B5EBF1C4CB9B6000BF1B5 /* MCQMapSLICE.png */; };
		990B5EC21C4CB9B6000BF1B5 /* MCQMapBIKE.png in Resources */ = {isa = PBXBuildFile; fileRef = 990B5EC01C4CB9B6000BF1B5 /* MCQMapBIKE.png */; };
		990B5EC51C4CC003000BF1B5 /* MCQMapSLICE29.png in Resources */ = {isa = PBXBuildFile; fileRef = 990B5EC31C4CC003000BF1B5 /* MCQMapSLICE29.png */; };
		990B5EC61C4CC003000BF1B5 /* MCQMapBIKE29.png in Resources */ = {isa = PBXBuildFile; fileRef = 990B5EC41C4CC003000BF1B5 /* MCQMapBIKE29.png */; };
		99260DFF1C2DD36800EFB125 /* PizzaPlace.m in Sources */ = {isa = PBXBuildFile; fileRef = 99260DFE1C2DD36800EFB125 /* PizzaPlace.m */; };
		99260E021C2DD4AA00EFB125 /* GW eating a slice.jpg in Resources */ = {isa = PBXBuildFile; fileRef = 99260E011C2DD4AA00EFB125 /* GW eating a slice.jpg */; };
		99260E041C2DD4DD00EFB125 /* Images.xcassets in Resources */ = {isa = PBXBuildFile; fileRef = 99260E031C2DD4DD00EFB125 /* Images.xcassets */; };
		99260E071C2DD72200EFB125 /* its pizza time.jpg in Resources */ = {isa = PBXBuildFile; fileRef = 99260E051C2DD72200EFB125 /* its pizza time.jpg */; };
		99260E081C2DD72200EFB125 /* pizza time all turtles.jpg in Resources */ = {isa = PBXBuildFile; fileRef = 99260E061C2DD72200EFB125 /* pizza time all turtles.jpg */; };
		99260E0A1C2DD9B500EFB125 /* its pizza time resized.png in Resources */ = {isa = PBXBuildFile; fileRef = 99260E091C2DD9B500EFB125 /* its pizza time resized.png */; };
		99447E3A1C31B00200260B8E /* InfoPage.m in Sources */ = {isa = PBXBuildFile; fileRef = 99447E391C31B00200260B8E /* InfoPage.m */; };
		998B96861C32052300DC8EB7 /* Reachability.m in Sources */ = {isa = PBXBuildFile; fileRef = 998B96851C32052300DC8EB7 /* Reachability.m */; };
		999E74151C337C030030099A /* Icon-Small.png in Resources */ = {isa = PBXBuildFile; fileRef = 999E74141C337C030030099A /* Icon-Small.png */; };
		999E74171C337D5F0030099A /* animatedBike29.jpg in Resources */ = {isa = PBXBuildFile; fileRef = 999E74161C337D5F0030099A /* animatedBike29.jpg */; };
		99D6297E1C2F36DA00B49E26 /* TwoBrosPizzaLogo.jpg in Resources */ = {isa = PBXBuildFile; fileRef = 99D6297D1C2F36DA00B49E26 /* TwoBrosPizzaLogo.jpg */; };
		99D629811C2F690700B49E26 /* WebViewController.m in Sources */ = {isa = PBXBuildFile; fileRef = 99D629801C2F690700B49E26 /* WebViewController.m */; };
		AA3E83B41C456E0300C12D35 /* MethodManager.m in Sources */ = {isa = PBXBuildFile; fileRef = AA3E83B31C456E0300C12D35 /* MethodManager.m */; };
		AA4B39B51C3DD8750086DB81 /* Main.storyboard in Resources */ = {isa = PBXBuildFile; fileRef = AA4B39B31C3DD8750086DB81 /* Main.storyboard */; };
		AA62186D1C502E9400F759DA /* LocationAlphaPizza.png in Resources */ = {isa = PBXBuildFile; fileRef = AA62186C1C502E9400F759DA /* LocationAlphaPizza.png */; };
		AA71E9091C2B32E400FA48F6 /* main.m in Sources */ = {isa = PBXBuildFile; fileRef = AA71E9081C2B32E400FA48F6 /* main.m */; };
		AA71E90C1C2B32E500FA48F6 /* AppDelegate.m in Sources */ = {isa = PBXBuildFile; fileRef = AA71E90B1C2B32E500FA48F6 /* AppDelegate.m */; };
		AA71E90F1C2B32E500FA48F6 /* ViewController.m in Sources */ = {isa = PBXBuildFile; fileRef = AA71E90E1C2B32E500FA48F6 /* ViewController.m */; };
		AA71E9151C2B32E500FA48F6 /* Pizza_Time_NYC.xcdatamodeld in Sources */ = {isa = PBXBuildFile; fileRef = AA71E9131C2B32E500FA48F6 /* Pizza_Time_NYC.xcdatamodeld */; };
		AA71E9171C2B32E500FA48F6 /* Assets.xcassets in Resources */ = {isa = PBXBuildFile; fileRef = AA71E9161C2B32E500FA48F6 /* Assets.xcassets */; };
		AA71E91A1C2B32E500FA48F6 /* LaunchScreen.storyboard in Resources */ = {isa = PBXBuildFile; fileRef = AA71E9181C2B32E500FA48F6 /* LaunchScreen.storyboard */; };
		AA71E9251C2B32E500FA48F6 /* Pizza_Time_NYCTests.m in Sources */ = {isa = PBXBuildFile; fileRef = AA71E9241C2B32E500FA48F6 /* Pizza_Time_NYCTests.m */; };
		AA71E9301C2B32E500FA48F6 /* Pizza_Time_NYCUITests.m in Sources */ = {isa = PBXBuildFile; fileRef = AA71E92F1C2B32E500FA48F6 /* Pizza_Time_NYCUITests.m */; };
		AA71E93E1C2B486A00FA48F6 /* MapKit.framework in Frameworks */ = {isa = PBXBuildFile; fileRef = AA71E93D1C2B486A00FA48F6 /* MapKit.framework */; };
		AA71E9411C2B48B800FA48F6 /* MapKitViewController.m in Sources */ = {isa = PBXBuildFile; fileRef = AA71E9401C2B48B800FA48F6 /* MapKitViewController.m */; };
		AA7F09B91C42DB3B00AE5B96 /* menu.png in Resources */ = {isa = PBXBuildFile; fileRef = AA7F09B81C42DB3B00AE5B96 /* menu.png */; };
		AA7F09BC1C42F6F400AE5B96 /* search60.png in Resources */ = {isa = PBXBuildFile; fileRef = AA7F09BA1C42F6F400AE5B96 /* search60.png */; };
		AA7F09BD1C42F6F400AE5B96 /* search.jpg in Resources */ = {isa = PBXBuildFile; fileRef = AA7F09BB1C42F6F400AE5B96 /* search.jpg */; };
		AA889A851C48004E00552357 /* search60.2.png in Resources */ = {isa = PBXBuildFile; fileRef = AA889A841C48004E00552357 /* search60.2.png */; };
		AA8E22881C4174FE0018ABE8 /* speakerCross60.png in Resources */ = {isa = PBXBuildFile; fileRef = AA8E22861C4174FE0018ABE8 /* speakerCross60.png */; };
		AA8E22891C4174FE0018ABE8 /* speaker60.png in Resources */ = {isa = PBXBuildFile; fileRef = AA8E22871C4174FE0018ABE8 /* speaker60.png */; };
		AA8E228B1C41B2830018ABE8 /* tmntBikePizza.jpg in Resources */ = {isa = PBXBuildFile; fileRef = AA8E228A1C41B2830018ABE8 /* tmntBikePizza.jpg */; };
		AA8E228E1C41B2BF0018ABE8 /* OptionsPage.m in Sources */ = {isa = PBXBuildFile; fileRef = AA8E228D1C41B2BF0018ABE8 /* OptionsPage.m */; };
		AA8E22911C41B3930018ABE8 /* tmntBikePizza.gif in Resources */ = {isa = PBXBuildFile; fileRef = AA8E22901C41B3920018ABE8 /* tmntBikePizza.gif */; };
		AA9FDF4F1C3DE78800303E48 /* PizzaPlaceDirectionsViewController.m in Sources */ = {isa = PBXBuildFile; fileRef = AA9FDF4E1C3DE78800303E48 /* PizzaPlaceDirectionsViewController.m */; };
		AAA7C1EC1C402B6E00EE8B43 /* speaker30.png in Resources */ = {isa = PBXBuildFile; fileRef = AAA7C1EA1C402B6E00EE8B43 /* speaker30.png */; };
		AAA7C1ED1C402B6E00EE8B43 /* speakerCross30.png in Resources */ = {isa = PBXBuildFile; fileRef = AAA7C1EB1C402B6E00EE8B43 /* speakerCross30.png */; };
		AAA7C1EF1C40315300EE8B43 /* AVFoundation.framework in Frameworks */ = {isa = PBXBuildFile; fileRef = AAA7C1EE1C40315300EE8B43 /* AVFoundation.framework */; };
		AAA7C1F11C40326E00EE8B43 /* pizzaMusic.mp3 in Resources */ = {isa = PBXBuildFile; fileRef = AAA7C1F01C40326E00EE8B43 /* pizzaMusic.mp3 */; };
		AAAAA15B1C502289009EC685 /* skateBoardAlpha30.png in Resources */ = {isa = PBXBuildFile; fileRef = AAAAA15A1C502289009EC685 /* skateBoardAlpha30.png */; };
		AAAAA15D1C50235C009EC685 /* walkAlpha30.png in Resources */ = {isa = PBXBuildFile; fileRef = AAAAA15C1C50235C009EC685 /* walkAlpha30.png */; };
		AAAC93971C498A1E00D3AC6B /* MCQMapOPTIONS.png in Resources */ = {isa = PBXBuildFile; fileRef = AAAC93951C498A1E00D3AC6B /* MCQMapOPTIONS.png */; };
		AAAC93981C498A1E00D3AC6B /* MCQMapSOUND.png in Resources */ = {isa = PBXBuildFile; fileRef = AAAC93961C498A1E00D3AC6B /* MCQMapSOUND.png */; };
		AAAC939A1C498B2400D3AC6B /* MCQMapSEARCH.png in Resources */ = {isa = PBXBuildFile; fileRef = AAAC93991C498B2400D3AC6B /* MCQMapSEARCH.png */; };
		AAAC939C1C499B7600D3AC6B /* MCQMapSOUNDNOT.png in Resources */ = {isa = PBXBuildFile; fileRef = AAAC939B1C499B7600D3AC6B /* MCQMapSOUNDNOT.png */; };
		AAAC939F1C499ECE00D3AC6B /* MCQTabBarLIST.png in Resources */ = {isa = PBXBuildFile; fileRef = AAAC939D1C499ECE00D3AC6B /* MCQTabBarLIST.png */; };
		AAAC93A01C499ECE00D3AC6B /* MCQTabBarMAP.png in Resources */ = {isa = PBXBuildFile; fileRef = AAAC939E1C499ECE00D3AC6B /* MCQTabBarMAP.png */; };
		AAB11A701C51ABA50058BC9C /* AddNewPlace.m in Sources */ = {isa = PBXBuildFile; fileRef = AAB11A6F1C51ABA50058BC9C /* AddNewPlace.m */; };
		AAB67BF31C4EA1FD0087F151 /* dollarBill.jpg in Resources */ = {isa = PBXBuildFile; fileRef = AAB67BF21C4EA1FD0087F151 /* dollarBill.jpg */; };
		AAB67BF51C4EA2AF0087F151 /* dollarBill60.png in Resources */ = {isa = PBXBuildFile; fileRef = AAB67BF41C4EA2AF0087F151 /* dollarBill60.png */; };
		AAB67BF71C4EA6200087F151 /* pizza29Alpha.png in Resources */ = {isa = PBXBuildFile; fileRef = AAB67BF61C4EA6200087F151 /* pizza29Alpha.png */; };
		AAB67BF91C4EA6840087F151 /* dollarBill60Alpha.png in Resources */ = {isa = PBXBuildFile; fileRef = AAB67BF81C4EA6840087F151 /* dollarBill60Alpha.png */; };
		AAB67BFB1C4EA7320087F151 /* dollarBillAlpha60.png in Resources */ = {isa = PBXBuildFile; fileRef = AAB67BFA1C4EA7320087F151 /* dollarBillAlpha60.png */; };
		AAB67C501C4EED540087F151 /* MCQSliceLEFTb.png in Resources */ = {isa = PBXBuildFile; fileRef = AAB67C4A1C4EED540087F151 /* MCQSliceLEFTb.png */; };
		AAB67C511C4EED540087F151 /* MCQSliceRIGHTb.png in Resources */ = {isa = PBXBuildFile; fileRef = AAB67C4B1C4EED540087F151 /* MCQSliceRIGHTb.png */; };
		AAB67C521C4EED540087F151 /* MCQSliceLEFTt.png in Resources */ = {isa = PBXBuildFile; fileRef = AAB67C4C1C4EED540087F151 /* MCQSliceLEFTt.png */; };
		AAB67C531C4EED540087F151 /* MCQSliceBOTTOM.png in Resources */ = {isa = PBXBuildFile; fileRef = AAB67C4D1C4EED540087F151 /* MCQSliceBOTTOM.png */; };
		AAB67C541C4EED540087F151 /* MCQSliceRIGHTt.png in Resources */ = {isa = PBXBuildFile; fileRef = AAB67C4E1C4EED540087F151 /* MCQSliceRIGHTt.png */; };
		AAB67C551C4EED540087F151 /* MCQSliceTOP.png in Resources */ = {isa = PBXBuildFile; fileRef = AAB67C4F1C4EED540087F151 /* MCQSliceTOP.png */; };
		AAB67C571C4EF3CC0087F151 /* MCQpizzaTimeLOGO.png in Resources */ = {isa = PBXBuildFile; fileRef = AAB67C561C4EF3CC0087F151 /* MCQpizzaTimeLOGO.png */; };
		AACB1BC11C3AFEFA0069E947 /* MapsIcon.png in Resources */ = {isa = PBXBuildFile; fileRef = AACB1BC01C3AFEFA0069E947 /* MapsIcon.png */; };
		AACB1BC31C3B0EA50069E947 /* globe@2x.png in Resources */ = {isa = PBXBuildFile; fileRef = AACB1BC21C3B0EA50069E947 /* globe@2x.png */; };
		AACB1BC51C3B1AB00069E947 /* newspaper@2x.png in Resources */ = {isa = PBXBuildFile; fileRef = AACB1BC41C3B1AB00069E947 /* newspaper@2x.png */; };
		AACB1BC81C3B21890069E947 /* TableViewController.m in Sources */ = {isa = PBXBuildFile; fileRef = AACB1BC71C3B21890069E947 /* TableViewController.m */; };
		AACB1BCC1C3B28F30069E947 /* DAO.m in Sources */ = {isa = PBXBuildFile; fileRef = AACB1BCB1C3B28F30069E947 /* DAO.m */; };
		AACDE93F1C3D8DDD004EF963 /* skateboard.jpeg in Resources */ = {isa = PBXBuildFile; fileRef = AACDE93E1C3D8DDD004EF963 /* skateboard.jpeg */; };
		AACDE9411C3D8E59004EF963 /* skateboard29.png in Resources */ = {isa = PBXBuildFile; fileRef = AACDE9401C3D8E59004EF963 /* skateboard29.png */; };
		AACDE9431C3D8EBD004EF963 /* walk29.png in Resources */ = {isa = PBXBuildFile; fileRef = AACDE9421C3D8EBD004EF963 /* walk29.png */; };
		AACDE94D1C3DAB3E004EF963 /* PizzaPlaceInfoViewController.m in Sources */ = {isa = PBXBuildFile; fileRef = AACDE94C1C3DAB3E004EF963 /* PizzaPlaceInfoViewController.m */; };
		AACDE9501C3DBF7A004EF963 /* pacman@2x.png in Resources */ = {isa = PBXBuildFile; fileRef = AACDE94F1C3DBF7A004EF963 /* pacman@2x.png */; };
		AACDE9521C3DC1F1004EF963 /* game_controller@2x.png in Resources */ = {isa = PBXBuildFile; fileRef = AACDE9511C3DC1F1004EF963 /* game_controller@2x.png */; };
		AACDE9541C3DC225004EF963 /* bank@2x.png in Resources */ = {isa = PBXBuildFile; fileRef = AACDE9531C3DC225004EF963 /* bank@2x.png */; };
		AAD0FCD01C3F31860060B05B /* pizzaPepperoni.jpeg in Resources */ = {isa = PBXBuildFile; fileRef = AAD0FCCF1C3F31860060B05B /* pizzaPepperoni.jpeg */; };
		AAD0FCD31C3F32240060B05B /* pizzaWholePepperoni.png in Resources */ = {isa = PBXBuildFile; fileRef = AAD0FCD11C3F32240060B05B /* pizzaWholePepperoni.png */; };
		AAD0FCD41C3F32240060B05B /* pizzaFullSliceRemove.jpg in Resources */ = {isa = PBXBuildFile; fileRef = AAD0FCD21C3F32240060B05B /* pizzaFullSliceRemove.jpg */; };
		AAD0FCD61C3F38E00060B05B /* pizzaPepperoni300.png in Resources */ = {isa = PBXBuildFile; fileRef = AAD0FCD51C3F38E00060B05B /* pizzaPepperoni300.png */; };
/* End PBXBuildFile section */

/* Begin PBXContainerItemProxy section */
		AA71E9211C2B32E500FA48F6 /* PBXContainerItemProxy */ = {
			isa = PBXContainerItemProxy;
			containerPortal = AA71E8FC1C2B32E400FA48F6 /* Project object */;
			proxyType = 1;
			remoteGlobalIDString = AA71E9031C2B32E400FA48F6;
			remoteInfo = "Pizza Time NYC";
		};
		AA71E92C1C2B32E500FA48F6 /* PBXContainerItemProxy */ = {
			isa = PBXContainerItemProxy;
			containerPortal = AA71E8FC1C2B32E400FA48F6 /* Project object */;
			proxyType = 1;
			remoteGlobalIDString = AA71E9031C2B32E400FA48F6;
			remoteInfo = "Pizza Time NYC";
		};
/* End PBXContainerItemProxy section */

/* Begin PBXFileReference section */
		990B5EBF1C4CB9B6000BF1B5 /* MCQMapSLICE.png */ = {isa = PBXFileReference; lastKnownFileType = image.png; path = MCQMapSLICE.png; sourceTree = "<group>"; };
		990B5EC01C4CB9B6000BF1B5 /* MCQMapBIKE.png */ = {isa = PBXFileReference; lastKnownFileType = image.png; path = MCQMapBIKE.png; sourceTree = "<group>"; };
		990B5EC31C4CC003000BF1B5 /* MCQMapSLICE29.png */ = {isa = PBXFileReference; lastKnownFileType = image.png; path = MCQMapSLICE29.png; sourceTree = "<group>"; };
		990B5EC41C4CC003000BF1B5 /* MCQMapBIKE29.png */ = {isa = PBXFileReference; lastKnownFileType = image.png; path = MCQMapBIKE29.png; sourceTree = "<group>"; };
		99260DFD1C2DD36800EFB125 /* PizzaPlace.h */ = {isa = PBXFileReference; fileEncoding = 4; lastKnownFileType = sourcecode.c.h; name = PizzaPlace.h; path = "Pizza Time NYC/PizzaPlace.h"; sourceTree = "<group>"; };
		99260DFE1C2DD36800EFB125 /* PizzaPlace.m */ = {isa = PBXFileReference; fileEncoding = 4; lastKnownFileType = sourcecode.c.objc; name = PizzaPlace.m; path = "Pizza Time NYC/PizzaPlace.m"; sourceTree = "<group>"; };
		99260E011C2DD4AA00EFB125 /* GW eating a slice.jpg */ = {isa = PBXFileReference; lastKnownFileType = image.jpeg; path = "GW eating a slice.jpg"; sourceTree = "<group>"; };
		99260E031C2DD4DD00EFB125 /* Images.xcassets */ = {isa = PBXFileReference; lastKnownFileType = folder.assetcatalog; path = Images.xcassets; sourceTree = "<group>"; };
		99260E051C2DD72200EFB125 /* its pizza time.jpg */ = {isa = PBXFileReference; lastKnownFileType = image.jpeg; path = "its pizza time.jpg"; sourceTree = "<group>"; };
		99260E061C2DD72200EFB125 /* pizza time all turtles.jpg */ = {isa = PBXFileReference; lastKnownFileType = image.jpeg; path = "pizza time all turtles.jpg"; sourceTree = "<group>"; };
		99260E091C2DD9B500EFB125 /* its pizza time resized.png */ = {isa = PBXFileReference; lastKnownFileType = image.png; path = "its pizza time resized.png"; sourceTree = "<group>"; };
		99447E381C31B00200260B8E /* InfoPage.h */ = {isa = PBXFileReference; fileEncoding = 4; lastKnownFileType = sourcecode.c.h; name = InfoPage.h; path = "Pizza Time NYC/InfoPage.h"; sourceTree = "<group>"; };
		99447E391C31B00200260B8E /* InfoPage.m */ = {isa = PBXFileReference; fileEncoding = 4; lastKnownFileType = sourcecode.c.objc; name = InfoPage.m; path = "Pizza Time NYC/InfoPage.m"; sourceTree = "<group>"; };
		998B96841C32052300DC8EB7 /* Reachability.h */ = {isa = PBXFileReference; fileEncoding = 4; lastKnownFileType = sourcecode.c.h; path = Reachability.h; sourceTree = "<group>"; };
		998B96851C32052300DC8EB7 /* Reachability.m */ = {isa = PBXFileReference; fileEncoding = 4; lastKnownFileType = sourcecode.c.objc; path = Reachability.m; sourceTree = "<group>"; };
		999E74141C337C030030099A /* Icon-Small.png */ = {isa = PBXFileReference; lastKnownFileType = image.png; name = "Icon-Small.png"; path = "Assets.xcassets/AppIcon.appiconset/Icon-Small.png"; sourceTree = "<group>"; };
		999E74161C337D5F0030099A /* animatedBike29.jpg */ = {isa = PBXFileReference; lastKnownFileType = image.jpeg; path = animatedBike29.jpg; sourceTree = "<group>"; };
		99D6297D1C2F36DA00B49E26 /* TwoBrosPizzaLogo.jpg */ = {isa = PBXFileReference; lastKnownFileType = image.jpeg; path = TwoBrosPizzaLogo.jpg; sourceTree = "<group>"; };
		99D6297F1C2F690700B49E26 /* WebViewController.h */ = {isa = PBXFileReference; fileEncoding = 4; lastKnownFileType = sourcecode.c.h; name = WebViewController.h; path = "Pizza Time NYC/WebViewController.h"; sourceTree = "<group>"; };
		99D629801C2F690700B49E26 /* WebViewController.m */ = {isa = PBXFileReference; fileEncoding = 4; lastKnownFileType = sourcecode.c.objc; name = WebViewController.m; path = "Pizza Time NYC/WebViewController.m"; sourceTree = "<group>"; };
		AA3E83B21C456E0300C12D35 /* MethodManager.h */ = {isa = PBXFileReference; fileEncoding = 4; lastKnownFileType = sourcecode.c.h; path = MethodManager.h; sourceTree = "<group>"; };
		AA3E83B31C456E0300C12D35 /* MethodManager.m */ = {isa = PBXFileReference; fileEncoding = 4; lastKnownFileType = sourcecode.c.objc; path = MethodManager.m; sourceTree = "<group>"; };
		AA4B39B41C3DD8750086DB81 /* Base */ = {isa = PBXFileReference; lastKnownFileType = file.storyboard; name = Base; path = Base.lproj/Main.storyboard; sourceTree = "<group>"; };
		AA62186C1C502E9400F759DA /* LocationAlphaPizza.png */ = {isa = PBXFileReference; lastKnownFileType = image.png; path = LocationAlphaPizza.png; sourceTree = "<group>"; };
		AA71E9041C2B32E400FA48F6 /* Pizza Time NYC.app */ = {isa = PBXFileReference; explicitFileType = wrapper.application; includeInIndex = 0; path = "Pizza Time NYC.app"; sourceTree = BUILT_PRODUCTS_DIR; };
		AA71E9081C2B32E400FA48F6 /* main.m */ = {isa = PBXFileReference; lastKnownFileType = sourcecode.c.objc; path = main.m; sourceTree = "<group>"; };
		AA71E90A1C2B32E500FA48F6 /* AppDelegate.h */ = {isa = PBXFileReference; lastKnownFileType = sourcecode.c.h; path = AppDelegate.h; sourceTree = "<group>"; };
		AA71E90B1C2B32E500FA48F6 /* AppDelegate.m */ = {isa = PBXFileReference; lastKnownFileType = sourcecode.c.objc; path = AppDelegate.m; sourceTree = "<group>"; };
		AA71E90D1C2B32E500FA48F6 /* ViewController.h */ = {isa = PBXFileReference; lastKnownFileType = sourcecode.c.h; path = ViewController.h; sourceTree = "<group>"; };
		AA71E90E1C2B32E500FA48F6 /* ViewController.m */ = {isa = PBXFileReference; lastKnownFileType = sourcecode.c.objc; path = ViewController.m; sourceTree = "<group>"; };
		AA71E9141C2B32E500FA48F6 /* Pizza_Time_NYC.xcdatamodel */ = {isa = PBXFileReference; lastKnownFileType = wrapper.xcdatamodel; path = Pizza_Time_NYC.xcdatamodel; sourceTree = "<group>"; };
		AA71E9161C2B32E500FA48F6 /* Assets.xcassets */ = {isa = PBXFileReference; lastKnownFileType = folder.assetcatalog; path = Assets.xcassets; sourceTree = "<group>"; };
		AA71E9191C2B32E500FA48F6 /* Base */ = {isa = PBXFileReference; lastKnownFileType = file.storyboard; name = Base; path = Base.lproj/LaunchScreen.storyboard; sourceTree = "<group>"; };
		AA71E91B1C2B32E500FA48F6 /* Info.plist */ = {isa = PBXFileReference; lastKnownFileType = text.plist.xml; path = Info.plist; sourceTree = "<group>"; };
		AA71E9201C2B32E500FA48F6 /* Pizza Time NYCTests.xctest */ = {isa = PBXFileReference; explicitFileType = wrapper.cfbundle; includeInIndex = 0; path = "Pizza Time NYCTests.xctest"; sourceTree = BUILT_PRODUCTS_DIR; };
		AA71E9241C2B32E500FA48F6 /* Pizza_Time_NYCTests.m */ = {isa = PBXFileReference; lastKnownFileType = sourcecode.c.objc; path = Pizza_Time_NYCTests.m; sourceTree = "<group>"; };
		AA71E9261C2B32E500FA48F6 /* Info.plist */ = {isa = PBXFileReference; lastKnownFileType = text.plist.xml; path = Info.plist; sourceTree = "<group>"; };
		AA71E92B1C2B32E500FA48F6 /* Pizza Time NYCUITests.xctest */ = {isa = PBXFileReference; explicitFileType = wrapper.cfbundle; includeInIndex = 0; path = "Pizza Time NYCUITests.xctest"; sourceTree = BUILT_PRODUCTS_DIR; };
		AA71E92F1C2B32E500FA48F6 /* Pizza_Time_NYCUITests.m */ = {isa = PBXFileReference; lastKnownFileType = sourcecode.c.objc; path = Pizza_Time_NYCUITests.m; sourceTree = "<group>"; };
		AA71E9311C2B32E500FA48F6 /* Info.plist */ = {isa = PBXFileReference; lastKnownFileType = text.plist.xml; path = Info.plist; sourceTree = "<group>"; };
		AA71E93D1C2B486A00FA48F6 /* MapKit.framework */ = {isa = PBXFileReference; lastKnownFileType = wrapper.framework; name = MapKit.framework; path = System/Library/Frameworks/MapKit.framework; sourceTree = SDKROOT; };
		AA71E93F1C2B48B800FA48F6 /* MapKitViewController.h */ = {isa = PBXFileReference; fileEncoding = 4; lastKnownFileType = sourcecode.c.h; path = MapKitViewController.h; sourceTree = "<group>"; };
		AA71E9401C2B48B800FA48F6 /* MapKitViewController.m */ = {isa = PBXFileReference; fileEncoding = 4; lastKnownFileType = sourcecode.c.objc; path = MapKitViewController.m; sourceTree = "<group>"; };
		AA7F09B81C42DB3B00AE5B96 /* menu.png */ = {isa = PBXFileReference; lastKnownFileType = image.png; path = menu.png; sourceTree = "<group>"; };
		AA7F09BA1C42F6F400AE5B96 /* search60.png */ = {isa = PBXFileReference; lastKnownFileType = image.png; path = search60.png; sourceTree = "<group>"; };
		AA7F09BB1C42F6F400AE5B96 /* search.jpg */ = {isa = PBXFileReference; lastKnownFileType = image.jpeg; path = search.jpg; sourceTree = "<group>"; };
		AA889A841C48004E00552357 /* search60.2.png */ = {isa = PBXFileReference; lastKnownFileType = image.png; path = search60.2.png; sourceTree = "<group>"; };
		AA8E22861C4174FE0018ABE8 /* speakerCross60.png */ = {isa = PBXFileReference; lastKnownFileType = image.png; path = speakerCross60.png; sourceTree = "<group>"; };
		AA8E22871C4174FE0018ABE8 /* speaker60.png */ = {isa = PBXFileReference; lastKnownFileType = image.png; path = speaker60.png; sourceTree = "<group>"; };
		AA8E228A1C41B2830018ABE8 /* tmntBikePizza.jpg */ = {isa = PBXFileReference; lastKnownFileType = image.jpeg; path = tmntBikePizza.jpg; sourceTree = "<group>"; };
		AA8E228C1C41B2BF0018ABE8 /* OptionsPage.h */ = {isa = PBXFileReference; fileEncoding = 4; lastKnownFileType = sourcecode.c.h; path = OptionsPage.h; sourceTree = "<group>"; };
		AA8E228D1C41B2BF0018ABE8 /* OptionsPage.m */ = {isa = PBXFileReference; fileEncoding = 4; lastKnownFileType = sourcecode.c.objc; path = OptionsPage.m; sourceTree = "<group>"; };
		AA8E22901C41B3920018ABE8 /* tmntBikePizza.gif */ = {isa = PBXFileReference; lastKnownFileType = image.gif; path = tmntBikePizza.gif; sourceTree = "<group>"; };
		AA9FDF4D1C3DE78800303E48 /* PizzaPlaceDirectionsViewController.h */ = {isa = PBXFileReference; fileEncoding = 4; lastKnownFileType = sourcecode.c.h; path = PizzaPlaceDirectionsViewController.h; sourceTree = "<group>"; };
		AA9FDF4E1C3DE78800303E48 /* PizzaPlaceDirectionsViewController.m */ = {isa = PBXFileReference; fileEncoding = 4; lastKnownFileType = sourcecode.c.objc; path = PizzaPlaceDirectionsViewController.m; sourceTree = "<group>"; };
		AAA7C1EA1C402B6E00EE8B43 /* speaker30.png */ = {isa = PBXFileReference; lastKnownFileType = image.png; path = speaker30.png; sourceTree = "<group>"; };
		AAA7C1EB1C402B6E00EE8B43 /* speakerCross30.png */ = {isa = PBXFileReference; lastKnownFileType = image.png; path = speakerCross30.png; sourceTree = "<group>"; };
		AAA7C1EE1C40315300EE8B43 /* AVFoundation.framework */ = {isa = PBXFileReference; lastKnownFileType = wrapper.framework; name = AVFoundation.framework; path = System/Library/Frameworks/AVFoundation.framework; sourceTree = SDKROOT; };
		AAA7C1F01C40326E00EE8B43 /* pizzaMusic.mp3 */ = {isa = PBXFileReference; lastKnownFileType = audio.mp3; path = pizzaMusic.mp3; sourceTree = "<group>"; };
		AAAAA15A1C502289009EC685 /* skateBoardAlpha30.png */ = {isa = PBXFileReference; lastKnownFileType = image.png; path = skateBoardAlpha30.png; sourceTree = "<group>"; };
		AAAAA15C1C50235C009EC685 /* walkAlpha30.png */ = {isa = PBXFileReference; lastKnownFileType = image.png; path = walkAlpha30.png; sourceTree = "<group>"; };
		AAAC93951C498A1E00D3AC6B /* MCQMapOPTIONS.png */ = {isa = PBXFileReference; lastKnownFileType = image.png; path = MCQMapOPTIONS.png; sourceTree = "<group>"; };
		AAAC93961C498A1E00D3AC6B /* MCQMapSOUND.png */ = {isa = PBXFileReference; lastKnownFileType = image.png; path = MCQMapSOUND.png; sourceTree = "<group>"; };
		AAAC93991C498B2400D3AC6B /* MCQMapSEARCH.png */ = {isa = PBXFileReference; lastKnownFileType = image.png; path = MCQMapSEARCH.png; sourceTree = "<group>"; };
		AAAC939B1C499B7600D3AC6B /* MCQMapSOUNDNOT.png */ = {isa = PBXFileReference; lastKnownFileType = image.png; path = MCQMapSOUNDNOT.png; sourceTree = "<group>"; };
		AAAC939D1C499ECE00D3AC6B /* MCQTabBarLIST.png */ = {isa = PBXFileReference; lastKnownFileType = image.png; path = MCQTabBarLIST.png; sourceTree = "<group>"; };
		AAAC939E1C499ECE00D3AC6B /* MCQTabBarMAP.png */ = {isa = PBXFileReference; lastKnownFileType = image.png; path = MCQTabBarMAP.png; sourceTree = "<group>"; };
		AAB11A6E1C51ABA50058BC9C /* AddNewPlace.h */ = {isa = PBXFileReference; fileEncoding = 4; lastKnownFileType = sourcecode.c.h; path = AddNewPlace.h; sourceTree = "<group>"; };
		AAB11A6F1C51ABA50058BC9C /* AddNewPlace.m */ = {isa = PBXFileReference; fileEncoding = 4; lastKnownFileType = sourcecode.c.objc; path = AddNewPlace.m; sourceTree = "<group>"; };
		AAB67BF21C4EA1FD0087F151 /* dollarBill.jpg */ = {isa = PBXFileReference; lastKnownFileType = image.jpeg; path = dollarBill.jpg; sourceTree = "<group>"; };
		AAB67BF41C4EA2AF0087F151 /* dollarBill60.png */ = {isa = PBXFileReference; lastKnownFileType = image.png; path = dollarBill60.png; sourceTree = "<group>"; };
		AAB67BF61C4EA6200087F151 /* pizza29Alpha.png */ = {isa = PBXFileReference; lastKnownFileType = image.png; path = pizza29Alpha.png; sourceTree = "<group>"; };
		AAB67BF81C4EA6840087F151 /* dollarBill60Alpha.png */ = {isa = PBXFileReference; lastKnownFileType = image.png; path = dollarBill60Alpha.png; sourceTree = "<group>"; };
		AAB67BFA1C4EA7320087F151 /* dollarBillAlpha60.png */ = {isa = PBXFileReference; lastKnownFileType = image.png; path = dollarBillAlpha60.png; sourceTree = "<group>"; };
		AAB67C4A1C4EED540087F151 /* MCQSliceLEFTb.png */ = {isa = PBXFileReference; lastKnownFileType = image.png; path = MCQSliceLEFTb.png; sourceTree = "<group>"; };
		AAB67C4B1C4EED540087F151 /* MCQSliceRIGHTb.png */ = {isa = PBXFileReference; lastKnownFileType = image.png; path = MCQSliceRIGHTb.png; sourceTree = "<group>"; };
		AAB67C4C1C4EED540087F151 /* MCQSliceLEFTt.png */ = {isa = PBXFileReference; lastKnownFileType = image.png; path = MCQSliceLEFTt.png; sourceTree = "<group>"; };
		AAB67C4D1C4EED540087F151 /* MCQSliceBOTTOM.png */ = {isa = PBXFileReference; lastKnownFileType = image.png; path = MCQSliceBOTTOM.png; sourceTree = "<group>"; };
		AAB67C4E1C4EED540087F151 /* MCQSliceRIGHTt.png */ = {isa = PBXFileReference; lastKnownFileType = image.png; path = MCQSliceRIGHTt.png; sourceTree = "<group>"; };
		AAB67C4F1C4EED540087F151 /* MCQSliceTOP.png */ = {isa = PBXFileReference; lastKnownFileType = image.png; path = MCQSliceTOP.png; sourceTree = "<group>"; };
		AAB67C561C4EF3CC0087F151 /* MCQpizzaTimeLOGO.png */ = {isa = PBXFileReference; lastKnownFileType = image.png; path = MCQpizzaTimeLOGO.png; sourceTree = "<group>"; };
		AACB1BC01C3AFEFA0069E947 /* MapsIcon.png */ = {isa = PBXFileReference; lastKnownFileType = image.png; path = MapsIcon.png; sourceTree = "<group>"; };
		AACB1BC21C3B0EA50069E947 /* globe@2x.png */ = {isa = PBXFileReference; lastKnownFileType = image.png; path = "globe@2x.png"; sourceTree = "<group>"; };
		AACB1BC41C3B1AB00069E947 /* newspaper@2x.png */ = {isa = PBXFileReference; lastKnownFileType = image.png; path = "newspaper@2x.png"; sourceTree = "<group>"; };
		AACB1BC61C3B21890069E947 /* TableViewController.h */ = {isa = PBXFileReference; fileEncoding = 4; lastKnownFileType = sourcecode.c.h; path = TableViewController.h; sourceTree = "<group>"; };
		AACB1BC71C3B21890069E947 /* TableViewController.m */ = {isa = PBXFileReference; fileEncoding = 4; lastKnownFileType = sourcecode.c.objc; path = TableViewController.m; sourceTree = "<group>"; };
		AACB1BCA1C3B28F30069E947 /* DAO.h */ = {isa = PBXFileReference; fileEncoding = 4; lastKnownFileType = sourcecode.c.h; path = DAO.h; sourceTree = "<group>"; };
		AACB1BCB1C3B28F30069E947 /* DAO.m */ = {isa = PBXFileReference; fileEncoding = 4; lastKnownFileType = sourcecode.c.objc; path = DAO.m; sourceTree = "<group>"; };
		AACDE93E1C3D8DDD004EF963 /* skateboard.jpeg */ = {isa = PBXFileReference; lastKnownFileType = image.jpeg; path = skateboard.jpeg; sourceTree = "<group>"; };
		AACDE9401C3D8E59004EF963 /* skateboard29.png */ = {isa = PBXFileReference; lastKnownFileType = image.png; path = skateboard29.png; sourceTree = "<group>"; };
		AACDE9421C3D8EBD004EF963 /* walk29.png */ = {isa = PBXFileReference; lastKnownFileType = image.png; path = walk29.png; sourceTree = "<group>"; };
		AACDE94B1C3DAB3E004EF963 /* PizzaPlaceInfoViewController.h */ = {isa = PBXFileReference; fileEncoding = 4; lastKnownFileType = sourcecode.c.h; path = PizzaPlaceInfoViewController.h; sourceTree = "<group>"; };
		AACDE94C1C3DAB3E004EF963 /* PizzaPlaceInfoViewController.m */ = {isa = PBXFileReference; fileEncoding = 4; lastKnownFileType = sourcecode.c.objc; path = PizzaPlaceInfoViewController.m; sourceTree = "<group>"; };
		AACDE94F1C3DBF7A004EF963 /* pacman@2x.png */ = {isa = PBXFileReference; lastKnownFileType = image.png; path = "pacman@2x.png"; sourceTree = "<group>"; };
		AACDE9511C3DC1F1004EF963 /* game_controller@2x.png */ = {isa = PBXFileReference; lastKnownFileType = image.png; path = "game_controller@2x.png"; sourceTree = "<group>"; };
		AACDE9531C3DC225004EF963 /* bank@2x.png */ = {isa = PBXFileReference; lastKnownFileType = image.png; path = "bank@2x.png"; sourceTree = "<group>"; };
		AAD0FCCF1C3F31860060B05B /* pizzaPepperoni.jpeg */ = {isa = PBXFileReference; lastKnownFileType = image.jpeg; path = pizzaPepperoni.jpeg; sourceTree = "<group>"; };
		AAD0FCD11C3F32240060B05B /* pizzaWholePepperoni.png */ = {isa = PBXFileReference; lastKnownFileType = image.png; path = pizzaWholePepperoni.png; sourceTree = "<group>"; };
		AAD0FCD21C3F32240060B05B /* pizzaFullSliceRemove.jpg */ = {isa = PBXFileReference; lastKnownFileType = image.jpeg; path = pizzaFullSliceRemove.jpg; sourceTree = "<group>"; };
		AAD0FCD51C3F38E00060B05B /* pizzaPepperoni300.png */ = {isa = PBXFileReference; lastKnownFileType = image.png; path = pizzaPepperoni300.png; sourceTree = "<group>"; };
/* End PBXFileReference section */

/* Begin PBXFrameworksBuildPhase section */
		AA71E9011C2B32E400FA48F6 /* Frameworks */ = {
			isa = PBXFrameworksBuildPhase;
			buildActionMask = 2147483647;
			files = (
				AAA7C1EF1C40315300EE8B43 /* AVFoundation.framework in Frameworks */,
				AA71E93E1C2B486A00FA48F6 /* MapKit.framework in Frameworks */,
			);
			runOnlyForDeploymentPostprocessing = 0;
		};
		AA71E91D1C2B32E500FA48F6 /* Frameworks */ = {
			isa = PBXFrameworksBuildPhase;
			buildActionMask = 2147483647;
			files = (
			);
			runOnlyForDeploymentPostprocessing = 0;
		};
		AA71E9281C2B32E500FA48F6 /* Frameworks */ = {
			isa = PBXFrameworksBuildPhase;
			buildActionMask = 2147483647;
			files = (
			);
			runOnlyForDeploymentPostprocessing = 0;
		};
/* End PBXFrameworksBuildPhase section */

/* Begin PBXGroup section */
		99260E001C2DD37900EFB125 /* PizzaPlace */ = {
			isa = PBXGroup;
			children = (
				99260DFD1C2DD36800EFB125 /* PizzaPlace.h */,
				99260DFE1C2DD36800EFB125 /* PizzaPlace.m */,
			);
			name = PizzaPlace;
			path = ..;
			sourceTree = "<group>";
		};
		99447E3B1C31B00D00260B8E /* InfoPage */ = {
			isa = PBXGroup;
			children = (
				99447E381C31B00200260B8E /* InfoPage.h */,
				99447E391C31B00200260B8E /* InfoPage.m */,
			);
			name = InfoPage;
			path = ..;
			sourceTree = "<group>";
		};
		998B96871C32052900DC8EB7 /* Apple Reachability */ = {
			isa = PBXGroup;
			children = (
				998B96841C32052300DC8EB7 /* Reachability.h */,
				998B96851C32052300DC8EB7 /* Reachability.m */,
			);
			name = "Apple Reachability";
			path = ..;
			sourceTree = "<group>";
		};
		99D629821C2F6BEA00B49E26 /* WebViewController */ = {
			isa = PBXGroup;
			children = (
				99D6297F1C2F690700B49E26 /* WebViewController.h */,
				99D629801C2F690700B49E26 /* WebViewController.m */,
			);
			name = WebViewController;
			path = ..;
			sourceTree = "<group>";
		};
		AA3E83B51C456E1C00C12D35 /* MethodManager */ = {
			isa = PBXGroup;
			children = (
				AA3E83B21C456E0300C12D35 /* MethodManager.h */,
				AA3E83B31C456E0300C12D35 /* MethodManager.m */,
			);
			name = MethodManager;
			sourceTree = "<group>";
		};
		AA71E8FB1C2B32E400FA48F6 = {
			isa = PBXGroup;
			children = (
				AA71E9061C2B32E400FA48F6 /* Pizza Time NYC */,
				AA71E9231C2B32E500FA48F6 /* Pizza Time NYCTests */,
				AA71E92E1C2B32E500FA48F6 /* Pizza Time NYCUITests */,
				AA71E9051C2B32E400FA48F6 /* Products */,
			);
			sourceTree = "<group>";
		};
		AA71E9051C2B32E400FA48F6 /* Products */ = {
			isa = PBXGroup;
			children = (
				AA71E9041C2B32E400FA48F6 /* Pizza Time NYC.app */,
				AA71E9201C2B32E500FA48F6 /* Pizza Time NYCTests.xctest */,
				AA71E92B1C2B32E500FA48F6 /* Pizza Time NYCUITests.xctest */,
			);
			name = Products;
			sourceTree = "<group>";
		};
		AA71E9061C2B32E400FA48F6 /* Pizza Time NYC */ = {
			isa = PBXGroup;
			children = (
				AACB1BCD1C3B28FB0069E947 /* DAO */,
				AACB1BC91C3B218E0069E947 /* TableViewController */,
				AA71E9431C2B48CB00FA48F6 /* App Delegate */,
				AA71E9441C2B48D800FA48F6 /* View Controller */,
				AA71E9421C2B48BC00FA48F6 /* MapKitViewController */,
				99260E001C2DD37900EFB125 /* PizzaPlace */,
				99D629821C2F6BEA00B49E26 /* WebViewController */,
				99447E3B1C31B00D00260B8E /* InfoPage */,
				998B96871C32052900DC8EB7 /* Apple Reachability */,
				AACDE94E1C3DAB54004EF963 /* PizzaPlaceInfoViewController */,
				AA9FDF501C3DE7BE00303E48 /* PizzaPlaceDirectionsViewController */,
				AA8E228F1C41B30A0018ABE8 /* OptionsPage */,
				AA3E83B51C456E1C00C12D35 /* MethodManager */,
				AAB11A711C51ACFA0058BC9C /* AddNewPlace */,
				AA4B39B31C3DD8750086DB81 /* Main.storyboard */,
				AA71E9181C2B32E500FA48F6 /* LaunchScreen.storyboard */,
				AA71E9161C2B32E500FA48F6 /* Assets.xcassets */,
				AA71E91B1C2B32E500FA48F6 /* Info.plist */,
				AA71E9071C2B32E400FA48F6 /* Supporting Files */,
				AA71E93D1C2B486A00FA48F6 /* MapKit.framework */,
				AAA7C1EE1C40315300EE8B43 /* AVFoundation.framework */,
				99260E031C2DD4DD00EFB125 /* Images.xcassets */,
				AA71E9131C2B32E500FA48F6 /* Pizza_Time_NYC.xcdatamodeld */,
			);
			path = "Pizza Time NYC";
			sourceTree = "<group>";
		};
		AA71E9071C2B32E400FA48F6 /* Supporting Files */ = {
			isa = PBXGroup;
			children = (
				AA62186C1C502E9400F759DA /* LocationAlphaPizza.png */,
				AAAAA15C1C50235C009EC685 /* walkAlpha30.png */,
				AAAAA15A1C502289009EC685 /* skateBoardAlpha30.png */,
				AAB67C561C4EF3CC0087F151 /* MCQpizzaTimeLOGO.png */,
				AAB67C4A1C4EED540087F151 /* MCQSliceLEFTb.png */,
				AAB67C4B1C4EED540087F151 /* MCQSliceRIGHTb.png */,
				AAB67C4C1C4EED540087F151 /* MCQSliceLEFTt.png */,
				AAB67C4D1C4EED540087F151 /* MCQSliceBOTTOM.png */,
				AAB67C4E1C4EED540087F151 /* MCQSliceRIGHTt.png */,
				AAB67C4F1C4EED540087F151 /* MCQSliceTOP.png */,
				AAB67BFA1C4EA7320087F151 /* dollarBillAlpha60.png */,
				AAB67BF81C4EA6840087F151 /* dollarBill60Alpha.png */,
				AAB67BF61C4EA6200087F151 /* pizza29Alpha.png */,
				AAB67BF41C4EA2AF0087F151 /* dollarBill60.png */,
				AAB67BF21C4EA1FD0087F151 /* dollarBill.jpg */,
				990B5EC31C4CC003000BF1B5 /* MCQMapSLICE29.png */,
				990B5EC41C4CC003000BF1B5 /* MCQMapBIKE29.png */,
				990B5EBF1C4CB9B6000BF1B5 /* MCQMapSLICE.png */,
				990B5EC01C4CB9B6000BF1B5 /* MCQMapBIKE.png */,
				AAAC939D1C499ECE00D3AC6B /* MCQTabBarLIST.png */,
				AAAC939E1C499ECE00D3AC6B /* MCQTabBarMAP.png */,
				AAAC939B1C499B7600D3AC6B /* MCQMapSOUNDNOT.png */,
				AAAC93991C498B2400D3AC6B /* MCQMapSEARCH.png */,
				AAAC93951C498A1E00D3AC6B /* MCQMapOPTIONS.png */,
				AAAC93961C498A1E00D3AC6B /* MCQMapSOUND.png */,
				AA889A841C48004E00552357 /* search60.2.png */,
				AA7F09BA1C42F6F400AE5B96 /* search60.png */,
				AA7F09BB1C42F6F400AE5B96 /* search.jpg */,
				AA7F09B81C42DB3B00AE5B96 /* menu.png */,
				AA8E22901C41B3920018ABE8 /* tmntBikePizza.gif */,
				AA8E228A1C41B2830018ABE8 /* tmntBikePizza.jpg */,
				AA8E22861C4174FE0018ABE8 /* speakerCross60.png */,
				AA8E22871C4174FE0018ABE8 /* speaker60.png */,
				AAA7C1F01C40326E00EE8B43 /* pizzaMusic.mp3 */,
				AAA7C1EA1C402B6E00EE8B43 /* speaker30.png */,
				AAA7C1EB1C402B6E00EE8B43 /* speakerCross30.png */,
				AAD0FCD51C3F38E00060B05B /* pizzaPepperoni300.png */,
				AAD0FCD11C3F32240060B05B /* pizzaWholePepperoni.png */,
				AAD0FCD21C3F32240060B05B /* pizzaFullSliceRemove.jpg */,
				AAD0FCCF1C3F31860060B05B /* pizzaPepperoni.jpeg */,
				AACDE9531C3DC225004EF963 /* bank@2x.png */,
				AACDE9511C3DC1F1004EF963 /* game_controller@2x.png */,
				AACDE94F1C3DBF7A004EF963 /* pacman@2x.png */,
				AACDE93E1C3D8DDD004EF963 /* skateboard.jpeg */,
				AACB1BC41C3B1AB00069E947 /* newspaper@2x.png */,
				AACB1BC21C3B0EA50069E947 /* globe@2x.png */,
				AACB1BC01C3AFEFA0069E947 /* MapsIcon.png */,
				99D6297D1C2F36DA00B49E26 /* TwoBrosPizzaLogo.jpg */,
				99260E051C2DD72200EFB125 /* its pizza time.jpg */,
				99260E091C2DD9B500EFB125 /* its pizza time resized.png */,
				99260E061C2DD72200EFB125 /* pizza time all turtles.jpg */,
				99260E011C2DD4AA00EFB125 /* GW eating a slice.jpg */,
				999E74161C337D5F0030099A /* animatedBike29.jpg */,
				AACDE9401C3D8E59004EF963 /* skateboard29.png */,
				999E74141C337C030030099A /* Icon-Small.png */,
				AACDE9421C3D8EBD004EF963 /* walk29.png */,
				AA71E9081C2B32E400FA48F6 /* main.m */,
			);
			name = "Supporting Files";
			sourceTree = "<group>";
		};
		AA71E9231C2B32E500FA48F6 /* Pizza Time NYCTests */ = {
			isa = PBXGroup;
			children = (
				AA71E9241C2B32E500FA48F6 /* Pizza_Time_NYCTests.m */,
				AA71E9261C2B32E500FA48F6 /* Info.plist */,
			);
			path = "Pizza Time NYCTests";
			sourceTree = "<group>";
		};
		AA71E92E1C2B32E500FA48F6 /* Pizza Time NYCUITests */ = {
			isa = PBXGroup;
			children = (
				AA71E92F1C2B32E500FA48F6 /* Pizza_Time_NYCUITests.m */,
				AA71E9311C2B32E500FA48F6 /* Info.plist */,
			);
			path = "Pizza Time NYCUITests";
			sourceTree = "<group>";
		};
		AA71E9421C2B48BC00FA48F6 /* MapKitViewController */ = {
			isa = PBXGroup;
			children = (
				AA71E93F1C2B48B800FA48F6 /* MapKitViewController.h */,
				AA71E9401C2B48B800FA48F6 /* MapKitViewController.m */,
			);
			name = MapKitViewController;
			path = ..;
			sourceTree = "<group>";
		};
		AA71E9431C2B48CB00FA48F6 /* App Delegate */ = {
			isa = PBXGroup;
			children = (
				AA71E90A1C2B32E500FA48F6 /* AppDelegate.h */,
				AA71E90B1C2B32E500FA48F6 /* AppDelegate.m */,
			);
			name = "App Delegate";
			sourceTree = "<group>";
		};
		AA71E9441C2B48D800FA48F6 /* View Controller */ = {
			isa = PBXGroup;
			children = (
				AA71E90D1C2B32E500FA48F6 /* ViewController.h */,
				AA71E90E1C2B32E500FA48F6 /* ViewController.m */,
			);
			name = "View Controller";
			sourceTree = "<group>";
		};
		AA8E228F1C41B30A0018ABE8 /* OptionsPage */ = {
			isa = PBXGroup;
			children = (
				AA8E228C1C41B2BF0018ABE8 /* OptionsPage.h */,
				AA8E228D1C41B2BF0018ABE8 /* OptionsPage.m */,
			);
			name = OptionsPage;
			sourceTree = "<group>";
		};
		AA9FDF501C3DE7BE00303E48 /* PizzaPlaceDirectionsViewController */ = {
			isa = PBXGroup;
			children = (
				AA9FDF4D1C3DE78800303E48 /* PizzaPlaceDirectionsViewController.h */,
				AA9FDF4E1C3DE78800303E48 /* PizzaPlaceDirectionsViewController.m */,
			);
			name = PizzaPlaceDirectionsViewController;
			sourceTree = "<group>";
		};
		AAB11A711C51ACFA0058BC9C /* AddNewPlace */ = {
			isa = PBXGroup;
			children = (
				AAB11A6E1C51ABA50058BC9C /* AddNewPlace.h */,
				AAB11A6F1C51ABA50058BC9C /* AddNewPlace.m */,
			);
			name = AddNewPlace;
			sourceTree = "<group>";
		};
		AACB1BC91C3B218E0069E947 /* TableViewController */ = {
			isa = PBXGroup;
			children = (
				AACB1BC61C3B21890069E947 /* TableViewController.h */,
				AACB1BC71C3B21890069E947 /* TableViewController.m */,
			);
			name = TableViewController;
			sourceTree = "<group>";
		};
		AACB1BCD1C3B28FB0069E947 /* DAO */ = {
			isa = PBXGroup;
			children = (
				AACB1BCA1C3B28F30069E947 /* DAO.h */,
				AACB1BCB1C3B28F30069E947 /* DAO.m */,
			);
			name = DAO;
			sourceTree = "<group>";
		};
		AACDE94E1C3DAB54004EF963 /* PizzaPlaceInfoViewController */ = {
			isa = PBXGroup;
			children = (
				AACDE94B1C3DAB3E004EF963 /* PizzaPlaceInfoViewController.h */,
				AACDE94C1C3DAB3E004EF963 /* PizzaPlaceInfoViewController.m */,
			);
			name = PizzaPlaceInfoViewController;
			sourceTree = "<group>";
		};
/* End PBXGroup section */

/* Begin PBXNativeTarget section */
		AA71E9031C2B32E400FA48F6 /* Pizza Time NYC */ = {
			isa = PBXNativeTarget;
			buildConfigurationList = AA71E9341C2B32E500FA48F6 /* Build configuration list for PBXNativeTarget "Pizza Time NYC" */;
			buildPhases = (
				AA71E9001C2B32E400FA48F6 /* Sources */,
				AA71E9011C2B32E400FA48F6 /* Frameworks */,
				AA71E9021C2B32E400FA48F6 /* Resources */,
			);
			buildRules = (
			);
			dependencies = (
			);
			name = "Pizza Time NYC";
			productName = "Pizza Time NYC";
			productReference = AA71E9041C2B32E400FA48F6 /* Pizza Time NYC.app */;
			productType = "com.apple.product-type.application";
		};
		AA71E91F1C2B32E500FA48F6 /* Pizza Time NYCTests */ = {
			isa = PBXNativeTarget;
			buildConfigurationList = AA71E9371C2B32E500FA48F6 /* Build configuration list for PBXNativeTarget "Pizza Time NYCTests" */;
			buildPhases = (
				AA71E91C1C2B32E500FA48F6 /* Sources */,
				AA71E91D1C2B32E500FA48F6 /* Frameworks */,
				AA71E91E1C2B32E500FA48F6 /* Resources */,
			);
			buildRules = (
			);
			dependencies = (
				AA71E9221C2B32E500FA48F6 /* PBXTargetDependency */,
			);
			name = "Pizza Time NYCTests";
			productName = "Pizza Time NYCTests";
			productReference = AA71E9201C2B32E500FA48F6 /* Pizza Time NYCTests.xctest */;
			productType = "com.apple.product-type.bundle.unit-test";
		};
		AA71E92A1C2B32E500FA48F6 /* Pizza Time NYCUITests */ = {
			isa = PBXNativeTarget;
			buildConfigurationList = AA71E93A1C2B32E500FA48F6 /* Build configuration list for PBXNativeTarget "Pizza Time NYCUITests" */;
			buildPhases = (
				AA71E9271C2B32E500FA48F6 /* Sources */,
				AA71E9281C2B32E500FA48F6 /* Frameworks */,
				AA71E9291C2B32E500FA48F6 /* Resources */,
			);
			buildRules = (
			);
			dependencies = (
				AA71E92D1C2B32E500FA48F6 /* PBXTargetDependency */,
			);
			name = "Pizza Time NYCUITests";
			productName = "Pizza Time NYCUITests";
			productReference = AA71E92B1C2B32E500FA48F6 /* Pizza Time NYCUITests.xctest */;
			productType = "com.apple.product-type.bundle.ui-testing";
		};
/* End PBXNativeTarget section */

/* Begin PBXProject section */
		AA71E8FC1C2B32E400FA48F6 /* Project object */ = {
			isa = PBXProject;
			attributes = {
				KnownAssetTags = (
					10,
					1000,
				);
				LastUpgradeCheck = 0710;
				ORGANIZATIONNAME = TTT;
				TargetAttributes = {
					AA71E9031C2B32E400FA48F6 = {
						CreatedOnToolsVersion = 7.1.1;
						DevelopmentTeam = J9G93543EE;
					};
					AA71E91F1C2B32E500FA48F6 = {
						CreatedOnToolsVersion = 7.1.1;
						DevelopmentTeam = J9G93543EE;
						TestTargetID = AA71E9031C2B32E400FA48F6;
					};
					AA71E92A1C2B32E500FA48F6 = {
						CreatedOnToolsVersion = 7.1.1;
						DevelopmentTeam = J9G93543EE;
						TestTargetID = AA71E9031C2B32E400FA48F6;
					};
				};
			};
			buildConfigurationList = AA71E8FF1C2B32E400FA48F6 /* Build configuration list for PBXProject "Pizza Time NYC" */;
			compatibilityVersion = "Xcode 3.2";
			developmentRegion = English;
			hasScannedForEncodings = 0;
			knownRegions = (
				en,
				Base,
			);
			mainGroup = AA71E8FB1C2B32E400FA48F6;
			productRefGroup = AA71E9051C2B32E400FA48F6 /* Products */;
			projectDirPath = "";
			projectRoot = "";
			targets = (
				AA71E9031C2B32E400FA48F6 /* Pizza Time NYC */,
				AA71E91F1C2B32E500FA48F6 /* Pizza Time NYCTests */,
				AA71E92A1C2B32E500FA48F6 /* Pizza Time NYCUITests */,
			);
		};
/* End PBXProject section */

/* Begin PBXResourcesBuildPhase section */
		AA71E9021C2B32E400FA48F6 /* Resources */ = {
			isa = PBXResourcesBuildPhase;
			buildActionMask = 2147483647;
			files = (
				990B5EC11C4CB9B6000BF1B5 /* MCQMapSLICE.png in Resources */,
				AAA7C1F11C40326E00EE8B43 /* pizzaMusic.mp3 in Resources */,
				AAB67BF71C4EA6200087F151 /* pizza29Alpha.png in Resources */,
				AAAAA15B1C502289009EC685 /* skateBoardAlpha30.png in Resources */,
				AAAC93A01C499ECE00D3AC6B /* MCQTabBarMAP.png in Resources */,
				99D6297E1C2F36DA00B49E26 /* TwoBrosPizzaLogo.jpg in Resources */,
				AACB1BC31C3B0EA50069E947 /* globe@2x.png in Resources */,
				AACDE93F1C3D8DDD004EF963 /* skateboard.jpeg in Resources */,
				990B5EC51C4CC003000BF1B5 /* MCQMapSLICE29.png in Resources */,
				AACDE9431C3D8EBD004EF963 /* walk29.png in Resources */,
				AA7F09BD1C42F6F400AE5B96 /* search.jpg in Resources */,
				AAAC93981C498A1E00D3AC6B /* MCQMapSOUND.png in Resources */,
				AACB1BC11C3AFEFA0069E947 /* MapsIcon.png in Resources */,
				990B5EC21C4CB9B6000BF1B5 /* MCQMapBIKE.png in Resources */,
				AAB67C531C4EED540087F151 /* MCQSliceBOTTOM.png in Resources */,
				AAA7C1ED1C402B6E00EE8B43 /* speakerCross30.png in Resources */,
				AAB67C521C4EED540087F151 /* MCQSliceLEFTt.png in Resources */,
				AAB67C501C4EED540087F151 /* MCQSliceLEFTb.png in Resources */,
				99260E0A1C2DD9B500EFB125 /* its pizza time resized.png in Resources */,
				AA71E91A1C2B32E500FA48F6 /* LaunchScreen.storyboard in Resources */,
				AA8E22911C41B3930018ABE8 /* tmntBikePizza.gif in Resources */,
				AAAC939C1C499B7600D3AC6B /* MCQMapSOUNDNOT.png in Resources */,
				AAB67C541C4EED540087F151 /* MCQSliceRIGHTt.png in Resources */,
				AAD0FCD31C3F32240060B05B /* pizzaWholePepperoni.png in Resources */,
				99260E041C2DD4DD00EFB125 /* Images.xcassets in Resources */,
				AAAC939F1C499ECE00D3AC6B /* MCQTabBarLIST.png in Resources */,
				AAD0FCD01C3F31860060B05B /* pizzaPepperoni.jpeg in Resources */,
				AAAC93971C498A1E00D3AC6B /* MCQMapOPTIONS.png in Resources */,
				AAB67BFB1C4EA7320087F151 /* dollarBillAlpha60.png in Resources */,
				AACDE9501C3DBF7A004EF963 /* pacman@2x.png in Resources */,
				AAD0FCD61C3F38E00060B05B /* pizzaPepperoni300.png in Resources */,
				AA71E9171C2B32E500FA48F6 /* Assets.xcassets in Resources */,
				AA7F09B91C42DB3B00AE5B96 /* menu.png in Resources */,
				AA889A851C48004E00552357 /* search60.2.png in Resources */,
				AA62186D1C502E9400F759DA /* LocationAlphaPizza.png in Resources */,
				AAB67C511C4EED540087F151 /* MCQSliceRIGHTb.png in Resources */,
				AA8E22891C4174FE0018ABE8 /* speaker60.png in Resources */,
				AAB67BF31C4EA1FD0087F151 /* dollarBill.jpg in Resources */,
				99260E071C2DD72200EFB125 /* its pizza time.jpg in Resources */,
				AA8E22881C4174FE0018ABE8 /* speakerCross60.png in Resources */,
				AAB67C551C4EED540087F151 /* MCQSliceTOP.png in Resources */,
				AAAC939A1C498B2400D3AC6B /* MCQMapSEARCH.png in Resources */,
				AAB67BF91C4EA6840087F151 /* dollarBill60Alpha.png in Resources */,
				AA8E228B1C41B2830018ABE8 /* tmntBikePizza.jpg in Resources */,
				AAAAA15D1C50235C009EC685 /* walkAlpha30.png in Resources */,
				AA4B39B51C3DD8750086DB81 /* Main.storyboard in Resources */,
				AACDE9541C3DC225004EF963 /* bank@2x.png in Resources */,
				99260E081C2DD72200EFB125 /* pizza time all turtles.jpg in Resources */,
				AAD0FCD41C3F32240060B05B /* pizzaFullSliceRemove.jpg in Resources */,
				AA7F09BC1C42F6F400AE5B96 /* search60.png in Resources */,
				AAB67C571C4EF3CC0087F151 /* MCQpizzaTimeLOGO.png in Resources */,
				AACB1BC51C3B1AB00069E947 /* newspaper@2x.png in Resources */,
				AACDE9521C3DC1F1004EF963 /* game_controller@2x.png in Resources */,
				999E74171C337D5F0030099A /* animatedBike29.jpg in Resources */,
				990B5EC61C4CC003000BF1B5 /* MCQMapBIKE29.png in Resources */,
				AAA7C1EC1C402B6E00EE8B43 /* speaker30.png in Resources */,
				999E74151C337C030030099A /* Icon-Small.png in Resources */,
				AAB67BF51C4EA2AF0087F151 /* dollarBill60.png in Resources */,
				AACDE9411C3D8E59004EF963 /* skateboard29.png in Resources */,
				99260E021C2DD4AA00EFB125 /* GW eating a slice.jpg in Resources */,
			);
			runOnlyForDeploymentPostprocessing = 0;
		};
		AA71E91E1C2B32E500FA48F6 /* Resources */ = {
			isa = PBXResourcesBuildPhase;
			buildActionMask = 2147483647;
			files = (
			);
			runOnlyForDeploymentPostprocessing = 0;
		};
		AA71E9291C2B32E500FA48F6 /* Resources */ = {
			isa = PBXResourcesBuildPhase;
			buildActionMask = 2147483647;
			files = (
			);
			runOnlyForDeploymentPostprocessing = 0;
		};
/* End PBXResourcesBuildPhase section */

/* Begin PBXSourcesBuildPhase section */
		AA71E9001C2B32E400FA48F6 /* Sources */ = {
			isa = PBXSourcesBuildPhase;
			buildActionMask = 2147483647;
			files = (
				AAB11A701C51ABA50058BC9C /* AddNewPlace.m in Sources */,
				AACB1BCC1C3B28F30069E947 /* DAO.m in Sources */,
				AA71E9151C2B32E500FA48F6 /* Pizza_Time_NYC.xcdatamodeld in Sources */,
				99D629811C2F690700B49E26 /* WebViewController.m in Sources */,
				AA71E90F1C2B32E500FA48F6 /* ViewController.m in Sources */,
				AACB1BC81C3B21890069E947 /* TableViewController.m in Sources */,
				AA8E228E1C41B2BF0018ABE8 /* OptionsPage.m in Sources */,
				99260DFF1C2DD36800EFB125 /* PizzaPlace.m in Sources */,
				AA71E9411C2B48B800FA48F6 /* MapKitViewController.m in Sources */,
				AACDE94D1C3DAB3E004EF963 /* PizzaPlaceInfoViewController.m in Sources */,
				AA71E90C1C2B32E500FA48F6 /* AppDelegate.m in Sources */,
				99447E3A1C31B00200260B8E /* InfoPage.m in Sources */,
				AA9FDF4F1C3DE78800303E48 /* PizzaPlaceDirectionsViewController.m in Sources */,
				998B96861C32052300DC8EB7 /* Reachability.m in Sources */,
				AA71E9091C2B32E400FA48F6 /* main.m in Sources */,
				AA3E83B41C456E0300C12D35 /* MethodManager.m in Sources */,
			);
			runOnlyForDeploymentPostprocessing = 0;
		};
		AA71E91C1C2B32E500FA48F6 /* Sources */ = {
			isa = PBXSourcesBuildPhase;
			buildActionMask = 2147483647;
			files = (
				AA71E9251C2B32E500FA48F6 /* Pizza_Time_NYCTests.m in Sources */,
			);
			runOnlyForDeploymentPostprocessing = 0;
		};
		AA71E9271C2B32E500FA48F6 /* Sources */ = {
			isa = PBXSourcesBuildPhase;
			buildActionMask = 2147483647;
			files = (
				AA71E9301C2B32E500FA48F6 /* Pizza_Time_NYCUITests.m in Sources */,
			);
			runOnlyForDeploymentPostprocessing = 0;
		};
/* End PBXSourcesBuildPhase section */

/* Begin PBXTargetDependency section */
		AA71E9221C2B32E500FA48F6 /* PBXTargetDependency */ = {
			isa = PBXTargetDependency;
			target = AA71E9031C2B32E400FA48F6 /* Pizza Time NYC */;
			targetProxy = AA71E9211C2B32E500FA48F6 /* PBXContainerItemProxy */;
		};
		AA71E92D1C2B32E500FA48F6 /* PBXTargetDependency */ = {
			isa = PBXTargetDependency;
			target = AA71E9031C2B32E400FA48F6 /* Pizza Time NYC */;
			targetProxy = AA71E92C1C2B32E500FA48F6 /* PBXContainerItemProxy */;
		};
/* End PBXTargetDependency section */

/* Begin PBXVariantGroup section */
		AA4B39B31C3DD8750086DB81 /* Main.storyboard */ = {
			isa = PBXVariantGroup;
			children = (
				AA4B39B41C3DD8750086DB81 /* Base */,
			);
			name = Main.storyboard;
			sourceTree = "<group>";
		};
		AA71E9181C2B32E500FA48F6 /* LaunchScreen.storyboard */ = {
			isa = PBXVariantGroup;
			children = (
				AA71E9191C2B32E500FA48F6 /* Base */,
			);
			name = LaunchScreen.storyboard;
			sourceTree = "<group>";
		};
/* End PBXVariantGroup section */

/* Begin XCBuildConfiguration section */
		AA71E9321C2B32E500FA48F6 /* Debug */ = {
			isa = XCBuildConfiguration;
			buildSettings = {
				ALWAYS_SEARCH_USER_PATHS = NO;
				CLANG_CXX_LANGUAGE_STANDARD = "gnu++0x";
				CLANG_CXX_LIBRARY = "libc++";
				CLANG_ENABLE_MODULES = YES;
				CLANG_ENABLE_OBJC_ARC = YES;
				CLANG_WARN_BOOL_CONVERSION = YES;
				CLANG_WARN_CONSTANT_CONVERSION = YES;
				CLANG_WARN_DIRECT_OBJC_ISA_USAGE = YES_ERROR;
				CLANG_WARN_EMPTY_BODY = YES;
				CLANG_WARN_ENUM_CONVERSION = YES;
				CLANG_WARN_INT_CONVERSION = YES;
				CLANG_WARN_OBJC_ROOT_CLASS = YES_ERROR;
				CLANG_WARN_UNREACHABLE_CODE = YES;
				CLANG_WARN__DUPLICATE_METHOD_MATCH = YES;
				"CODE_SIGN_IDENTITY[sdk=iphoneos*]" = "iPhone Developer";
				COPY_PHASE_STRIP = NO;
				DEBUG_INFORMATION_FORMAT = dwarf;
				ENABLE_STRICT_OBJC_MSGSEND = YES;
				ENABLE_TESTABILITY = YES;
				GCC_C_LANGUAGE_STANDARD = gnu99;
				GCC_DYNAMIC_NO_PIC = NO;
				GCC_NO_COMMON_BLOCKS = YES;
				GCC_OPTIMIZATION_LEVEL = 0;
				GCC_PREPROCESSOR_DEFINITIONS = (
					"DEBUG=1",
					"$(inherited)",
				);
				GCC_WARN_64_TO_32_BIT_CONVERSION = YES;
				GCC_WARN_ABOUT_RETURN_TYPE = YES_ERROR;
				GCC_WARN_UNDECLARED_SELECTOR = YES;
				GCC_WARN_UNINITIALIZED_AUTOS = YES_AGGRESSIVE;
				GCC_WARN_UNUSED_FUNCTION = YES;
				GCC_WARN_UNUSED_VARIABLE = YES;
				IPHONEOS_DEPLOYMENT_TARGET = 9.1;
				MTL_ENABLE_DEBUG_INFO = YES;
				ONLY_ACTIVE_ARCH = YES;
				SDKROOT = iphoneos;
				TARGETED_DEVICE_FAMILY = "1,2";
			};
			name = Debug;
		};
		AA71E9331C2B32E500FA48F6 /* Release */ = {
			isa = XCBuildConfiguration;
			buildSettings = {
				ALWAYS_SEARCH_USER_PATHS = NO;
				CLANG_CXX_LANGUAGE_STANDARD = "gnu++0x";
				CLANG_CXX_LIBRARY = "libc++";
				CLANG_ENABLE_MODULES = YES;
				CLANG_ENABLE_OBJC_ARC = YES;
				CLANG_WARN_BOOL_CONVERSION = YES;
				CLANG_WARN_CONSTANT_CONVERSION = YES;
				CLANG_WARN_DIRECT_OBJC_ISA_USAGE = YES_ERROR;
				CLANG_WARN_EMPTY_BODY = YES;
				CLANG_WARN_ENUM_CONVERSION = YES;
				CLANG_WARN_INT_CONVERSION = YES;
				CLANG_WARN_OBJC_ROOT_CLASS = YES_ERROR;
				CLANG_WARN_UNREACHABLE_CODE = YES;
				CLANG_WARN__DUPLICATE_METHOD_MATCH = YES;
				"CODE_SIGN_IDENTITY[sdk=iphoneos*]" = "iPhone Developer";
				COPY_PHASE_STRIP = NO;
				DEBUG_INFORMATION_FORMAT = "dwarf-with-dsym";
				ENABLE_NS_ASSERTIONS = NO;
				ENABLE_STRICT_OBJC_MSGSEND = YES;
				GCC_C_LANGUAGE_STANDARD = gnu99;
				GCC_NO_COMMON_BLOCKS = YES;
				GCC_WARN_64_TO_32_BIT_CONVERSION = YES;
				GCC_WARN_ABOUT_RETURN_TYPE = YES_ERROR;
				GCC_WARN_UNDECLARED_SELECTOR = YES;
				GCC_WARN_UNINITIALIZED_AUTOS = YES_AGGRESSIVE;
				GCC_WARN_UNUSED_FUNCTION = YES;
				GCC_WARN_UNUSED_VARIABLE = YES;
				IPHONEOS_DEPLOYMENT_TARGET = 9.1;
				MTL_ENABLE_DEBUG_INFO = NO;
				SDKROOT = iphoneos;
				TARGETED_DEVICE_FAMILY = "1,2";
				VALIDATE_PRODUCT = YES;
			};
			name = Release;
		};
		AA71E9351C2B32E500FA48F6 /* Debug */ = {
			isa = XCBuildConfiguration;
			buildSettings = {
				ASSETCATALOG_COMPILER_APPICON_NAME = AppIcon;
				ASSETCATALOG_COMPILER_LAUNCHIMAGE_NAME = "Brand Assets";
				CODE_SIGN_IDENTITY = "iPhone Developer";
				INFOPLIST_FILE = "Pizza Time NYC/Info.plist";
				IPHONEOS_DEPLOYMENT_TARGET = 7.1;
				LD_RUNPATH_SEARCH_PATHS = "$(inherited) @executable_path/Frameworks";
				PRODUCT_BUNDLE_IDENTIFIER = com.comcom.PTN3.7;
				PRODUCT_NAME = "$(TARGET_NAME)";
			};
			name = Debug;
		};
		AA71E9361C2B32E500FA48F6 /* Release */ = {
			isa = XCBuildConfiguration;
			buildSettings = {
				ASSETCATALOG_COMPILER_APPICON_NAME = AppIcon;
				ASSETCATALOG_COMPILER_LAUNCHIMAGE_NAME = "Brand Assets";
				CODE_SIGN_IDENTITY = "iPhone Developer";
				INFOPLIST_FILE = "Pizza Time NYC/Info.plist";
				IPHONEOS_DEPLOYMENT_TARGET = 7.1;
				LD_RUNPATH_SEARCH_PATHS = "$(inherited) @executable_path/Frameworks";
				PRODUCT_BUNDLE_IDENTIFIER = com.comcom.PTN3.7;
				PRODUCT_NAME = "$(TARGET_NAME)";
			};
			name = Release;
		};
		AA71E9381C2B32E500FA48F6 /* Debug */ = {
			isa = XCBuildConfiguration;
			buildSettings = {
				BUNDLE_LOADER = "$(TEST_HOST)";
				INFOPLIST_FILE = "Pizza Time NYCTests/Info.plist";
				LD_RUNPATH_SEARCH_PATHS = "$(inherited) @executable_path/Frameworks @loader_path/Frameworks";
				PRODUCT_BUNDLE_IDENTIFIER = "com.comcom.Pizza-Time-NYCTests";
				PRODUCT_NAME = "$(TARGET_NAME)";
				TEST_HOST = "$(BUILT_PRODUCTS_DIR)/Pizza Time NYC.app/Pizza Time NYC";
			};
			name = Debug;
		};
		AA71E9391C2B32E500FA48F6 /* Release */ = {
			isa = XCBuildConfiguration;
			buildSettings = {
				BUNDLE_LOADER = "$(TEST_HOST)";
				INFOPLIST_FILE = "Pizza Time NYCTests/Info.plist";
				LD_RUNPATH_SEARCH_PATHS = "$(inherited) @executable_path/Frameworks @loader_path/Frameworks";
				PRODUCT_BUNDLE_IDENTIFIER = "com.comcom.Pizza-Time-NYCTests";
				PRODUCT_NAME = "$(TARGET_NAME)";
				TEST_HOST = "$(BUILT_PRODUCTS_DIR)/Pizza Time NYC.app/Pizza Time NYC";
			};
			name = Release;
		};
		AA71E93B1C2B32E500FA48F6 /* Debug */ = {
			isa = XCBuildConfiguration;
			buildSettings = {
				INFOPLIST_FILE = "Pizza Time NYCUITests/Info.plist";
				LD_RUNPATH_SEARCH_PATHS = "$(inherited) @executable_path/Frameworks @loader_path/Frameworks";
				PRODUCT_BUNDLE_IDENTIFIER = "com.comcom.Pizza-Time-NYCUITests";
				PRODUCT_NAME = "$(TARGET_NAME)";
				TEST_TARGET_NAME = "Pizza Time NYC";
				USES_XCTRUNNER = YES;
			};
			name = Debug;
		};
		AA71E93C1C2B32E500FA48F6 /* Release */ = {
			isa = XCBuildConfiguration;
			buildSettings = {
				INFOPLIST_FILE = "Pizza Time NYCUITests/Info.plist";
				LD_RUNPATH_SEARCH_PATHS = "$(inherited) @executable_path/Frameworks @loader_path/Frameworks";
				PRODUCT_BUNDLE_IDENTIFIER = "com.comcom.Pizza-Time-NYCUITests";
				PRODUCT_NAME = "$(TARGET_NAME)";
				TEST_TARGET_NAME = "Pizza Time NYC";
				USES_XCTRUNNER = YES;
			};
			name = Release;
		};
/* End XCBuildConfiguration section */

/* Begin XCConfigurationList section */
		AA71E8FF1C2B32E400FA48F6 /* Build configuration list for PBXProject "Pizza Time NYC" */ = {
			isa = XCConfigurationList;
			buildConfigurations = (
				AA71E9321C2B32E500FA48F6 /* Debug */,
				AA71E9331C2B32E500FA48F6 /* Release */,
			);
			defaultConfigurationIsVisible = 0;
			defaultConfigurationName = Release;
		};
		AA71E9341C2B32E500FA48F6 /* Build configuration list for PBXNativeTarget "Pizza Time NYC" */ = {
			isa = XCConfigurationList;
			buildConfigurations = (
				AA71E9351C2B32E500FA48F6 /* Debug */,
				AA71E9361C2B32E500FA48F6 /* Release */,
			);
			defaultConfigurationIsVisible = 0;
			defaultConfigurationName = Release;
		};
		AA71E9371C2B32E500FA48F6 /* Build configuration list for PBXNativeTarget "Pizza Time NYCTests" */ = {
			isa = XCConfigurationList;
			buildConfigurations = (
				AA71E9381C2B32E500FA48F6 /* Debug */,
				AA71E9391C2B32E500FA48F6 /* Release */,
			);
			defaultConfigurationIsVisible = 0;
			defaultConfigurationName = Release;
		};
		AA71E93A1C2B32E500FA48F6 /* Build configuration list for PBXNativeTarget "Pizza Time NYCUITests" */ = {
			isa = XCConfigurationList;
			buildConfigurations = (
				AA71E93B1C2B32E500FA48F6 /* Debug */,
				AA71E93C1C2B32E500FA48F6 /* Release */,
			);
			defaultConfigurationIsVisible = 0;
			defaultConfigurationName = Release;
		};
/* End XCConfigurationList section */

/* Begin XCVersionGroup section */
		AA71E9131C2B32E500FA48F6 /* Pizza_Time_NYC.xcdatamodeld */ = {
			isa = XCVersionGroup;
			children = (
				AA71E9141C2B32E500FA48F6 /* Pizza_Time_NYC.xcdatamodel */,
			);
			currentVersion = AA71E9141C2B32E500FA48F6 /* Pizza_Time_NYC.xcdatamodel */;
			path = Pizza_Time_NYC.xcdatamodeld;
			sourceTree = "<group>";
			versionGroupType = wrapper.xcdatamodel;
		};
/* End XCVersionGroup section */
	};
	rootObject = AA71E8FC1C2B32E400FA48F6 /* Project object */;
}
